Microsoft Visual Studio Solution File, Format Version 12.00
# Visual Studio Version 17
VisualStudioVersion = 17.5.2.0
MinimumVisualStudioVersion = 10.0.40219.1
Project("{FAE04EC0-301F-11D3-BF4B-00C04F79EFBC}") = "WindowsAgent", "windows-agent\WindowsAgent.csproj", "{724FB478-0641-9D6C-615F-6C521907106A}"
EndProject
Global
	GlobalSection(SolutionConfigurationPlatforms) = preSolution
		Debug|Any CPU = Debug|Any CPU
		Release|Any CPU = Release|Any CPU
	EndGlobalSection
	GlobalSection(ProjectConfigurationPlatforms) = postSolution
		{724FB478-0641-9D6C-615F-6C521907106A}.Debug|Any CPU.ActiveCfg = Debug|Any CPU
		{724FB478-0641-9D6C-615F-6C521907106A}.Debug|Any CPU.Build.0 = Debug|Any CPU
		{724FB478-0641-9D6C-615F-6C521907106A}.Release|Any CPU.ActiveCfg = Release|Any CPU
		{724FB478-0641-9D6C-615F-6C521907106A}.Release|Any CPU.Build.0 = Release|Any CPU
	EndGlobalSection
	GlobalSection(SolutionProperties) = preSolution
		HideSolutionNode = FALSE
	EndGlobalSection
	GlobalSection(ExtensibilityGlobals) = postSolution
		SolutionGuid = {F9C19125-A9AF-44DB-9BD6-48F66079A708}
	EndGlobalSection
EndGlobal
